// !$*UTF8*$!
{
	archiveVersion = 1;
	classes = {
	};
	objectVersion = 48;
	objects = {

/* Begin PBXBuildFile section */
		03E07FA71FDE88CC00C62D3D /* AppDelegate.m in Sources */ = {isa = PBXBuildFile; fileRef = 03E07FA61FDE88CC00C62D3D /* AppDelegate.m */; };
		03E07FAA1FDE88CC00C62D3D /* ViewController.m in Sources */ = {isa = PBXBuildFile; fileRef = 03E07FA91FDE88CC00C62D3D /* ViewController.m */; };
		03E07FAD1FDE88CC00C62D3D /* Main.storyboard in Resources */ = {isa = PBXBuildFile; fileRef = 03E07FAB1FDE88CC00C62D3D /* Main.storyboard */; };
		03E07FAF1FDE88CC00C62D3D /* Assets.xcassets in Resources */ = {isa = PBXBuildFile; fileRef = 03E07FAE1FDE88CC00C62D3D /* Assets.xcassets */; };
		03E07FB21FDE88CC00C62D3D /* LaunchScreen.storyboard in Resources */ = {isa = PBXBuildFile; fileRef = 03E07FB01FDE88CC00C62D3D /* LaunchScreen.storyboard */; };
		03E07FB51FDE88CC00C62D3D /* main.m in Sources */ = {isa = PBXBuildFile; fileRef = 03E07FB41FDE88CC00C62D3D /* main.m */; };
		03E07FC01FDE895400C62D3D /* PLVWhiteBoardView.m in Sources */ = {isa = PBXBuildFile; fileRef = 03E07FBD1FDE895400C62D3D /* PLVWhiteBoardView.m */; };
		03E07FC11FDE895400C62D3D /* PLVMark.m in Sources */ = {isa = PBXBuildFile; fileRef = 03E07FBE1FDE895400C62D3D /* PLVMark.m */; };
/* End PBXBuildFile section */

/* Begin PBXFileReference section */
		03E07FA21FDE88CC00C62D3D /* Demo.app */ = {isa = PBXFileReference; explicitFileType = wrapper.application; includeInIndex = 0; path = Demo.app; sourceTree = BUILT_PRODUCTS_DIR; };
		03E07FA51FDE88CC00C62D3D /* AppDelegate.h */ = {isa = PBXFileReference; lastKnownFileType = sourcecode.c.h; path = AppDelegate.h; sourceTree = "<group>"; };
		03E07FA61FDE88CC00C62D3D /* AppDelegate.m */ = {isa = PBXFileReference; lastKnownFileType = sourcecode.c.objc; path = AppDelegate.m; sourceTree = "<group>"; };
		03E07FA81FDE88CC00C62D3D /* ViewController.h */ = {isa = PBXFileReference; lastKnownFileType = sourcecode.c.h; path = ViewController.h; sourceTree = "<group>"; };
		03E07FA91FDE88CC00C62D3D /* ViewController.m */ = {isa = PBXFileReference; lastKnownFileType = sourcecode.c.objc; path = ViewController.m; sourceTree = "<group>"; };
		03E07FAC1FDE88CC00C62D3D /* Base */ = {isa = PBXFileReference; lastKnownFileType = file.storyboard; name = Base; path = Base.lproj/Main.storyboard; sourceTree = "<group>"; };
		03E07FAE1FDE88CC00C62D3D /* Assets.xcassets */ = {isa = PBXFileReference; lastKnownFileType = folder.assetcatalog; path = Assets.xcassets; sourceTree = "<group>"; };
		03E07FB11FDE88CC00C62D3D /* Base */ = {isa = PBXFileReference; lastKnownFileType = file.storyboard; name = Base; path = Base.lproj/LaunchScreen.storyboard; sourceTree = "<group>"; };
		03E07FB31FDE88CC00C62D3D /* Info.plist */ = {isa = PBXFileReference; lastKnownFileType = text.plist.xml; path = Info.plist; sourceTree = "<group>"; };
		03E07FB41FDE88CC00C62D3D /* main.m */ = {isa = PBXFileReference; lastKnownFileType = sourcecode.c.objc; path = main.m; sourceTree = "<group>"; };
		03E07FBC1FDE895400C62D3D /* PLVMark.h */ = {isa = PBXFileReference; fileEncoding = 4; lastKnownFileType = sourcecode.c.h; path = PLVMark.h; sourceTree = "<group>"; };
		03E07FBD1FDE895400C62D3D /* PLVWhiteBoardView.m */ = {isa = PBXFileReference; fileEncoding = 4; lastKnownFileType = sourcecode.c.objc; path = PLVWhiteBoardView.m; sourceTree = "<group>"; };
		03E07FBE1FDE895400C62D3D /* PLVMark.m */ = {isa = PBXFileReference; fileEncoding = 4; lastKnownFileType = sourcecode.c.objc; path = PLVMark.m; sourceTree = "<group>"; };
		03E07FBF1FDE895400C62D3D /* PLVWhiteBoardView.h */ = {isa = PBXFileReference; fileEncoding = 4; lastKnownFileType = sourcecode.c.h; path = PLVWhiteBoardView.h; sourceTree = "<group>"; };
/* End PBXFileReference section */

/* Begin PBXFrameworksBuildPhase section */
		03E07F9F1FDE88CC00C62D3D /* Frameworks */ = {
			isa = PBXFrameworksBuildPhase;
			buildActionMask = 2147483647;
			files = (
			);
			runOnlyForDeploymentPostprocessing = 0;
		};
/* End PBXFrameworksBuildPhase section */

/* Begin PBXGroup section */
		03E07F991FDE88CC00C62D3D = {
			isa = PBXGroup;
			children = (
				03E07FBB1FDE895400C62D3D /* PLVWhiteBoard */,
				03E07FA41FDE88CC00C62D3D /* Demo */,
				03E07FA31FDE88CC00C62D3D /* Products */,
			);
			sourceTree = "<group>";
		};
		03E07FA31FDE88CC00C62D3D /* Products */ = {
			isa = PBXGroup;
			children = (
				03E07FA21FDE88CC00C62D3D /* Demo.app */,
			);
			name = Products;
			sourceTree = "<group>";
		};
		03E07FA41FDE88CC00C62D3D /* Demo */ = {
			isa = PBXGroup;
			children = (
				03E07FA51FDE88CC00C62D3D /* AppDelegate.h */,
				03E07FA61FDE88CC00C62D3D /* AppDelegate.m */,
				03E07FA81FDE88CC00C62D3D /* ViewController.h */,
				03E07FA91FDE88CC00C62D3D /* ViewController.m */,
				03E07FAB1FDE88CC00C62D3D /* Main.storyboard */,
				03E07FAE1FDE88CC00C62D3D /* Assets.xcassets */,
				03E07FB01FDE88CC00C62D3D /* LaunchScreen.storyboard */,
				03E07FB31FDE88CC00C62D3D /* Info.plist */,
				03E07FB41FDE88CC00C62D3D /* main.m */,
			);
			path = Demo;
			sourceTree = "<group>";
		};
		03E07FBB1FDE895400C62D3D /* PLVWhiteBoard */ = {
			isa = PBXGroup;
			children = (
				03E07FBC1FDE895400C62D3D /* PLVMark.h */,
				03E07FBE1FDE895400C62D3D /* PLVMark.m */,
				03E07FBF1FDE895400C62D3D /* PLVWhiteBoardView.h */,
				03E07FBD1FDE895400C62D3D /* PLVWhiteBoardView.m */,
			);
			name = PLVWhiteBoard;
			path = ../PLVWhiteBoard;
			sourceTree = "<group>";
		};
/* End PBXGroup section */

/* Begin PBXNativeTarget section */
		03E07FA11FDE88CC00C62D3D /* Demo */ = {
			isa = PBXNativeTarget;
			buildConfigurationList = 03E07FB81FDE88CC00C62D3D /* Build configuration list for PBXNativeTarget "Demo" */;
			buildPhases = (
				03E07F9E1FDE88CC00C62D3D /* Sources */,
				03E07F9F1FDE88CC00C62D3D /* Frameworks */,
				03E07FA01FDE88CC00C62D3D /* Resources */,
			);
			buildRules = (
			);
			dependencies = (
			);
			name = Demo;
			productName = Demo;
			productReference = 03E07FA21FDE88CC00C62D3D /* Demo.app */;
			productType = "com.apple.product-type.application";
		};
/* End PBXNativeTarget section */

/* Begin PBXProject section */
		03E07F9A1FDE88CC00C62D3D /* Project object */ = {
			isa = PBXProject;
			attributes = {
				LastUpgradeCheck = 0920;
				ORGANIZATIONNAME = POLYV;
				TargetAttributes = {
					03E07FA11FDE88CC00C62D3D = {
						CreatedOnToolsVersion = 9.2;
						ProvisioningStyle = Automatic;
					};
				};
			};
			buildConfigurationList = 03E07F9D1FDE88CC00C62D3D /* Build configuration list for PBXProject "Demo" */;
			compatibilityVersion = "Xcode 8.0";
			developmentRegion = en;
			hasScannedForEncodings = 0;
			knownRegions = (
				en,
				Base,
			);
			mainGroup = 03E07F991FDE88CC00C62D3D;
			productRefGroup = 03E07FA31FDE88CC00C62D3D /* Products */;
			projectDirPath = "";
			projectRoot = "";
			targets = (
				03E07FA11FDE88CC00C62D3D /* Demo */,
			);
		};
/* End PBXProject section */

/* Begin PBXResourcesBuildPhase section */
		03E07FA01FDE88CC00C62D3D /* Resources */ = {
			isa = PBXResourcesBuildPhase;
			buildActionMask = 2147483647;
			files = (
				03E07FB21FDE88CC00C62D3D /* LaunchScreen.storyboard in Resources */,
				03E07FAF1FDE88CC00C62D3D /* Assets.xcassets in Resources */,
				03E07FAD1FDE88CC00C62D3D /* Main.storyboard in Resources */,
			);
			runOnlyForDeploymentPostprocessing = 0;
		};
/* End PBXResourcesBuildPhase section */

/* Begin PBXSourcesBuildPhase section */
		03E07F9E1FDE88CC00C62D3D /* Sources */ = {
			isa = PBXSourcesBuildPhase;
			buildActionMask = 2147483647;
			files = (
				03E07FC01FDE895400C62D3D /* PLVWhiteBoardView.m in Sources */,
				03E07FAA1FDE88CC00C62D3D /* ViewController.m in Sources */,
				03E07FB51FDE88CC00C62D3D /* main.m in Sources */,
				03E07FA71FDE88CC00C62D3D /* AppDelegate.m in Sources */,
				03E07FC11FDE895400C62D3D /* PLVMark.m in Sources */,
			);
			runOnlyForDeploymentPostprocessing = 0;
		};
/* End PBXSourcesBuildPhase section */

/* Begin PBXVariantGroup section */
		03E07FAB1FDE88CC00C62D3D /* Main.storyboard */ = {
			isa = PBXVariantGroup;
			children = (
				03E07FAC1FDE88CC00C62D3D /* Base */,
			);
			name = Main.storyboard;
			sourceTree = "<group>";
		};
		03E07FB01FDE88CC00C62D3D /* LaunchScreen.storyboard */ = {
			isa = PBXVariantGroup;
			children = (
				03E07FB11FDE88CC00C62D3D /* Base */,
			);
			name = LaunchScreen.storyboard;
			sourceTree = "<group>";
		};
/* End PBXVariantGroup section */

/* Begin XCBuildConfiguration section */
		03E07FB61FDE88CC00C62D3D /* Debug */ = {
			isa = XCBuildConfiguration;
			buildSettings = {
				ALWAYS_SEARCH_USER_PATHS = NO;
				CLANG_ANALYZER_NONNULL = YES;
				CLANG_ANALYZER_NUMBER_OBJECT_CONVERSION = YES_AGGRESSIVE;
				CLANG_CXX_LANGUAGE_STANDARD = "gnu++14";
				CLANG_CXX_LIBRARY = "libc++";
				CLANG_ENABLE_MODULES = YES;
				CLANG_ENABLE_OBJC_ARC = YES;
				CLANG_WARN_BLOCK_CAPTURE_AUTORELEASING = YES;
				CLANG_WARN_BOOL_CONVERSION = YES;
				CLANG_WARN_COMMA = YES;
				CLANG_WARN_CONSTANT_CONVERSION = YES;
				CLANG_WARN_DIRECT_OBJC_ISA_USAGE = YES_ERROR;
				CLANG_WARN_DOCUMENTATION_COMMENTS = YES;
				CLANG_WARN_EMPTY_BODY = YES;
				CLANG_WARN_ENUM_CONVERSION = YES;
				CLANG_WARN_INFINITE_RECURSION = YES;
				CLANG_WARN_INT_CONVERSION = YES;
				CLANG_WARN_NON_LITERAL_NULL_CONVERSION = YES;
				CLANG_WARN_OBJC_LITERAL_CONVERSION = YES;
				CLANG_WARN_OBJC_ROOT_CLASS = YES_ERROR;
				CLANG_WARN_RANGE_LOOP_ANALYSIS = YES;
				CLANG_WARN_STRICT_PROTOTYPES = YES;
				CLANG_WARN_SUSPICIOUS_MOVE = YES;
				CLANG_WARN_UNGUARDED_AVAILABILITY = YES_AGGRESSIVE;
				CLANG_WARN_UNREACHABLE_CODE = YES;
				CLANG_WARN__DUPLICATE_METHOD_MATCH = YES;
				CODE_SIGN_IDENTITY = "iPhone Developer";
				COPY_PHASE_STRIP = NO;
				DEBUG_INFORMATION_FORMAT = dwarf;
				ENABLE_STRICT_OBJC_MSGSEND = YES;
				ENABLE_TESTABILITY = YES;
				GCC_C_LANGUAGE_STANDARD = gnu11;
				GCC_DYNAMIC_NO_PIC = NO;
				GCC_NO_COMMON_BLOCKS = YES;
				GCC_OPTIMIZATION_LEVEL = 0;
				GCC_PREPROCESSOR_DEFINITIONS = (
					"DEBUG=1",
					"$(inherited)",
				);
				GCC_WARN_64_TO_32_BIT_CONVERSION = YES;
				GCC_WARN_ABOUT_RETURN_TYPE = YES_ERROR;
				GCC_WARN_UNDECLARED_SELECTOR = YES;
				GCC_WARN_UNINITIALIZED_AUTOS = YES_AGGRESSIVE;
				GCC_WARN_UNUSED_FUNCTION = YES;
				GCC_WARN_UNUSED_VARIABLE = YES;
				IPHONEOS_DEPLOYMENT_TARGET = 11.2;
				MTL_ENABLE_DEBUG_INFO = YES;
				ONLY_ACTIVE_ARCH = YES;
				SDKROOT = iphoneos;
			};
			name = Debug;
		};
		03E07FB71FDE88CC00C62D3D /* Release */ = {
			isa = XCBuildConfiguration;
			buildSettings = {
				ALWAYS_SEARCH_USER_PATHS = NO;
				CLANG_ANALYZER_NONNULL = YES;
				CLANG_ANALYZER_NUMBER_OBJECT_CONVERSION = YES_AGGRESSIVE;
				CLANG_CXX_LANGUAGE_STANDARD = "gnu++14";
				CLANG_CXX_LIBRARY = "libc++";
				CLANG_ENABLE_MODULES = YES;
				CLANG_ENABLE_OBJC_ARC = YES;
				CLANG_WARN_BLOCK_CAPTURE_AUTORELEASING = YES;
				CLANG_WARN_BOOL_CONVERSION = YES;
				CLANG_WARN_COMMA = YES;
				CLANG_WARN_CONSTANT_CONVERSION = YES;
				CLANG_WARN_DIRECT_OBJC_ISA_USAGE = YES_ERROR;
				CLANG_WARN_DOCUMENTATION_COMMENTS = YES;
				CLANG_WARN_EMPTY_BODY = YES;
				CLANG_WARN_ENUM_CONVERSION = YES;
				CLANG_WARN_INFINITE_RECURSION = YES;
				CLANG_WARN_INT_CONVERSION = YES;
				CLANG_WARN_NON_LITERAL_NULL_CONVERSION = YES;
				CLANG_WARN_OBJC_LITERAL_CONVERSION = YES;
				CLANG_WARN_OBJC_ROOT_CLASS = YES_ERROR;
				CLANG_WARN_RANGE_LOOP_ANALYSIS = YES;
				CLANG_WARN_STRICT_PROTOTYPES = YES;
				CLANG_WARN_SUSPICIOUS_MOVE = YES;
				CLANG_WARN_UNGUARDED_AVAILABILITY = YES_AGGRESSIVE;
				CLANG_WARN_UNREACHABLE_CODE = YES;
				CLANG_WARN__DUPLICATE_METHOD_MATCH = YES;
				CODE_SIGN_IDENTITY = "iPhone Developer";
				COPY_PHASE_STRIP = NO;
				DEBUG_INFORMATION_FORMAT = "dwarf-with-dsym";
				ENABLE_NS_ASSERTIONS = NO;
				ENABLE_STRICT_OBJC_MSGSEND = YES;
				GCC_C_LANGUAGE_STANDARD = gnu11;
				GCC_NO_COMMON_BLOCKS = YES;
				GCC_WARN_64_TO_32_BIT_CONVERSION = YES;
				GCC_WARN_ABOUT_RETURN_TYPE = YES_ERROR;
				GCC_WARN_UNDECLARED_SELECTOR = YES;
				GCC_WARN_UNINITIALIZED_AUTOS = YES_AGGRESSIVE;
				GCC_WARN_UNUSED_FUNCTION = YES;
				GCC_WARN_UNUSED_VARIABLE = YES;
				IPHONEOS_DEPLOYMENT_TARGET = 11.2;
				MTL_ENABLE_DEBUG_INFO = NO;
				SDKROOT = iphoneos;
				VALIDATE_PRODUCT = YES;
			};
			name = Release;
		};
		03E07FB91FDE88CC00C62D3D /* Debug */ = {
			isa = XCBuildConfiguration;
			buildSettings = {
				ASSETCATALOG_COMPILER_APPICON_NAME = AppIcon;
				CODE_SIGN_STYLE = Automatic;
				DEVELOPMENT_TEAM = "";
				INFOPLIST_FILE = Demo/Info.plist;
				IPHONEOS_DEPLOYMENT_TARGET = 8.0;
				LD_RUNPATH_SEARCH_PATHS = "$(inherited) @executable_path/Frameworks";
				PRODUCT_BUNDLE_IDENTIFIER = net.polyv.PLVWhiteBoard.Demo;
				PRODUCT_NAME = "$(TARGET_NAME)";
				TARGETED_DEVICE_FAMILY = "1,2";
			};
			name = Debug;
		};
		03E07FBA1FDE88CC00C62D3D /* Release */ = {
			isa = XCBuildConfiguration;
			buildSettings = {
				ASSETCATALOG_COMPILER_APPICON_NAME = AppIcon;
				CODE_SIGN_STYLE = Automatic;
				DEVELOPMENT_TEAM = "";
				INFOPLIST_FILE = Demo/Info.plist;
				IPHONEOS_DEPLOYMENT_TARGET = 8.0;
				LD_RUNPATH_SEARCH_PATHS = "$(inherited) @executable_path/Frameworks";
				PRODUCT_BUNDLE_IDENTIFIER = net.polyv.PLVWhiteBoard.Demo;
				PRODUCT_NAME = "$(TARGET_NAME)";
				TARGETED_DEVICE_FAMILY = "1,2";
			};
			name = Release;
		};
/* End XCBuildConfiguration section */

/* Begin XCConfigurationList section */
		03E07F9D1FDE88CC00C62D3D /* Build configuration list for PBXProject "Demo" */ = {
			isa = XCConfigurationList;
			buildConfigurations = (
				03E07FB61FDE88CC00C62D3D /* Debug */,
				03E07FB71FDE88CC00C62D3D /* Release */,
			);
			defaultConfigurationIsVisible = 0;
			defaultConfigurationName = Release;
		};
		03E07FB81FDE88CC00C62D3D /* Build configuration list for PBXNativeTarget "Demo" */ = {
			isa = XCConfigurationList;
			buildConfigurations = (
				03E07FB91FDE88CC00C62D3D /* Debug */,
				03E07FBA1FDE88CC00C62D3D /* Release */,
			);
			defaultConfigurationIsVisible = 0;
			defaultConfigurationName = Release;
		};
/* End XCConfigurationList section */
	};
	rootObject = 03E07F9A1FDE88CC00C62D3D /* Project object */;
}
